[[package]]
name = "arbitrary"
version = "0.1.1"
source = "registry+https://github.com/rust-lang/crates.io-index"

[[package]]
name = "cc"
version = "1.0.9"
source = "registry+https://github.com/rust-lang/crates.io-index"

[[package]]
name = "claxon"
version = "0.4.2"

[[package]]
name = "claxon-fuzz"
version = "0.0.1"
dependencies = [
 "claxon 0.4.2",
 "libfuzzer-sys 0.1.0 (git+https://github.com/rust-fuzz/libfuzzer-sys.git)",
]

[[package]]
name = "libfuzzer-sys"
version = "0.1.0"
source = "git+https://github.com/rust-fuzz/libfuzzer-sys.git#4594b1f39da0a0ad3b84761be3c200f85cef5eea"
dependencies = [
 "arbitrary 0.1.1 (registry+https://github.com/rust-lang/crates.io-index)",
 "cc 1.0.9 (registry+https://github.com/rust-lang/crates.io-index)",
]

[metadata]
"checksum arbitrary 0.1.1 (registry+https://github.com/rust-lang/crates.io-index)" = "6c7d1523aa3a127adf8b27af2404c03c12825b4c4d0698f01648d63fa9df62ee"
"checksum cc 1.0.9 (registry+https://github.com/rust-lang/crates.io-index)" = "2b4911e4bdcb4100c7680e7e854ff38e23f1b34d4d9e079efae3da2801341ffc"
"checksum libfuzzer-sys 0.1.0 (git+https://github.com/rust-fuzz/libfuzzer-sys.git)" = "<none>"
